
Microsoft Visual Studio Solution File, Format Version 12.00
# Visual Studio Version 16
VisualStudioVersion = 16.0.30523.141
MinimumVisualStudioVersion = 10.0.40219.1
Project("{9A19103F-16F7-4668-BE54-9A1E7A4F7556}") = "RpsApi", "RpsApi.csproj", "{32F1CAA1-4093-42BE-B36A-1389066792BA}"
EndProject
Project("{9A19103F-16F7-4668-BE54-9A1E7A4F7556}") = "RpsDataAccess", "..\RpsDataAccess\RpsDataAccess.csproj", "{AA2758EA-6825-4614-A262-1481E108AC0C}"
EndProject
Project("{9A19103F-16F7-4668-BE54-9A1E7A4F7556}") = "RpsModels", "..\RpsModels\RpsModels.csproj", "{9F32E29E-97FA-4764-8087-E66B3E3C5226}"
EndProject
Global
	GlobalSection(SolutionConfigurationPlatforms) = preSolution
		Debug|Any CPU = Debug|Any CPU
		Release|Any CPU = Release|Any CPU
	EndGlobalSection
	GlobalSection(ProjectConfigurationPlatforms) = postSolution
		{32F1CAA1-4093-42BE-B36A-1389066792BA}.Debug|Any CPU.ActiveCfg = Debug|Any CPU
		{32F1CAA1-4093-42BE-B36A-1389066792BA}.Debug|Any CPU.Build.0 = Debug|Any CPU
		{32F1CAA1-4093-42BE-B36A-1389066792BA}.Release|Any CPU.ActiveCfg = Release|Any CPU
		{32F1CAA1-4093-42BE-B36A-1389066792BA}.Release|Any CPU.Build.0 = Release|Any CPU
		{AA2758EA-6825-4614-A262-1481E108AC0C}.Debug|Any CPU.ActiveCfg = Debug|Any CPU
		{AA2758EA-6825-4614-A262-1481E108AC0C}.Debug|Any CPU.Build.0 = Debug|Any CPU
		{AA2758EA-6825-4614-A262-1481E108AC0C}.Release|Any CPU.ActiveCfg = Release|Any CPU
		{AA2758EA-6825-4614-A262-1481E108AC0C}.Release|Any CPU.Build.0 = Release|Any CPU
		{9F32E29E-97FA-4764-8087-E66B3E3C5226}.Debug|Any CPU.ActiveCfg = Debug|Any CPU
		{9F32E29E-97FA-4764-8087-E66B3E3C5226}.Debug|Any CPU.Build.0 = Debug|Any CPU
		{9F32E29E-97FA-4764-8087-E66B3E3C5226}.Release|Any CPU.ActiveCfg = Release|Any CPU
		{9F32E29E-97FA-4764-8087-E66B3E3C5226}.Release|Any CPU.Build.0 = Release|Any CPU
	EndGlobalSection
	GlobalSection(SolutionProperties) = preSolution
		HideSolutionNode = FALSE
	EndGlobalSection
	GlobalSection(ExtensibilityGlobals) = postSolution
		SolutionGuid = {724D8A5E-CCAD-4D97-B8B5-541BB7672874}
	EndGlobalSection
EndGlobal
