
Microsoft Visual Studio Solution File, Format Version 12.00
# Visual Studio Version 16
VisualStudioVersion = 16.0.30523.141
MinimumVisualStudioVersion = 10.0.40219.1
Project("{FAE04EC0-301F-11D3-BF4B-00C04F79EFBC}") = "RpsApi", "RpsApi.csproj", "{32F1CAA1-4093-42BE-B36A-1389066792BA}"
EndProject
Global
	GlobalSection(SolutionConfigurationPlatforms) = preSolution
		Debug|Any CPU = Debug|Any CPU
		Release|Any CPU = Release|Any CPU
	EndGlobalSection
	GlobalSection(ProjectConfigurationPlatforms) = postSolution
		{32F1CAA1-4093-42BE-B36A-1389066792BA}.Debug|Any CPU.ActiveCfg = Debug|Any CPU
		{32F1CAA1-4093-42BE-B36A-1389066792BA}.Debug|Any CPU.Build.0 = Debug|Any CPU
		{32F1CAA1-4093-42BE-B36A-1389066792BA}.Release|Any CPU.ActiveCfg = Release|Any CPU
		{32F1CAA1-4093-42BE-B36A-1389066792BA}.Release|Any CPU.Build.0 = Release|Any CPU
	EndGlobalSection
	GlobalSection(SolutionProperties) = preSolution
		HideSolutionNode = FALSE
	EndGlobalSection
	GlobalSection(ExtensibilityGlobals) = postSolution
		SolutionGuid = {724D8A5E-CCAD-4D97-B8B5-541BB7672874}
	EndGlobalSection
EndGlobal
